
Microsoft Visual Studio Solution File, Format Version 12.00
# Visual Studio 14
VisualStudioVersion = 14.0.25420.1
MinimumVisualStudioVersion = 10.0.40219.1
Project("{FAE04EC0-301F-11D3-BF4B-00C04F79EFBC}") = "YSSGP", "YSSGP\YSSGP.csproj", "{FC4556C0-3BF7-4095-BDAD-3FCB412BB819}"
EndProject
Project("{54435603-DBB4-11D2-8724-00A0C9A8B90C}") = "YSSGP Setup", "YSSGP Setup\YSSGP Setup.vdproj", "{838D77D3-07DE-4BC7-8985-8112BD3AED20}"
EndProject
Global
	GlobalSection(SolutionConfigurationPlatforms) = preSolution
		Debug|Any CPU = Debug|Any CPU
		Release|Any CPU = Release|Any CPU
	EndGlobalSection
	GlobalSection(ProjectConfigurationPlatforms) = postSolution
		{FC4556C0-3BF7-4095-BDAD-3FCB412BB819}.Debug|Any CPU.ActiveCfg = Debug|Any CPU
		{FC4556C0-3BF7-4095-BDAD-3FCB412BB819}.Debug|Any CPU.Build.0 = Debug|Any CPU
		{FC4556C0-3BF7-4095-BDAD-3FCB412BB819}.Release|Any CPU.ActiveCfg = Release|Any CPU
		{FC4556C0-3BF7-4095-BDAD-3FCB412BB819}.Release|Any CPU.Build.0 = Release|Any CPU
		{838D77D3-07DE-4BC7-8985-8112BD3AED20}.Debug|Any CPU.ActiveCfg = Debug
		{838D77D3-07DE-4BC7-8985-8112BD3AED20}.Release|Any CPU.ActiveCfg = Release
	EndGlobalSection
	GlobalSection(SolutionProperties) = preSolution
		HideSolutionNode = FALSE
	EndGlobalSection
EndGlobal
